
Microsoft Visual Studio Solution File, Format Version 12.00
# Visual Studio Version 17
VisualStudioVersion = 17.3.32901.215
MinimumVisualStudioVersion = 10.0.40219.1
Project("{9A19103F-16F7-4668-BE54-9A1E7A4F7556}") = "WebApplication1", "WebApplication1\WebApplication1.csproj", "{A40E5118-0CEE-4302-8B82-109B391C75E5}"
EndProject
Project("{9A19103F-16F7-4668-BE54-9A1E7A4F7556}") = "WebApplication1Modelos", "WebApplication1Modelos\WebApplication1Modelos.csproj", "{C5D3BE04-1229-4795-B209-7ADF174FCC5B}"
EndProject
Project("{9A19103F-16F7-4668-BE54-9A1E7A4F7556}") = "WebApplication1Services", "WebApplication1Services\WebApplication1Services.csproj", "{0B1F3830-B015-44B3-8A94-BB5797486C1C}"
EndProject
Global
	GlobalSection(SolutionConfigurationPlatforms) = preSolution
		Debug|Any CPU = Debug|Any CPU
		Release|Any CPU = Release|Any CPU
	EndGlobalSection
	GlobalSection(ProjectConfigurationPlatforms) = postSolution
		{A40E5118-0CEE-4302-8B82-109B391C75E5}.Debug|Any CPU.ActiveCfg = Debug|Any CPU
		{A40E5118-0CEE-4302-8B82-109B391C75E5}.Debug|Any CPU.Build.0 = Debug|Any CPU
		{A40E5118-0CEE-4302-8B82-109B391C75E5}.Release|Any CPU.ActiveCfg = Release|Any CPU
		{A40E5118-0CEE-4302-8B82-109B391C75E5}.Release|Any CPU.Build.0 = Release|Any CPU
		{C5D3BE04-1229-4795-B209-7ADF174FCC5B}.Debug|Any CPU.ActiveCfg = Debug|Any CPU
		{C5D3BE04-1229-4795-B209-7ADF174FCC5B}.Debug|Any CPU.Build.0 = Debug|Any CPU
		{C5D3BE04-1229-4795-B209-7ADF174FCC5B}.Release|Any CPU.ActiveCfg = Release|Any CPU
		{C5D3BE04-1229-4795-B209-7ADF174FCC5B}.Release|Any CPU.Build.0 = Release|Any CPU
		{0B1F3830-B015-44B3-8A94-BB5797486C1C}.Debug|Any CPU.ActiveCfg = Debug|Any CPU
		{0B1F3830-B015-44B3-8A94-BB5797486C1C}.Debug|Any CPU.Build.0 = Debug|Any CPU
		{0B1F3830-B015-44B3-8A94-BB5797486C1C}.Release|Any CPU.ActiveCfg = Release|Any CPU
		{0B1F3830-B015-44B3-8A94-BB5797486C1C}.Release|Any CPU.Build.0 = Release|Any CPU
	EndGlobalSection
	GlobalSection(SolutionProperties) = preSolution
		HideSolutionNode = FALSE
	EndGlobalSection
	GlobalSection(ExtensibilityGlobals) = postSolution
		SolutionGuid = {103B5CA5-67B3-47BA-ACCA-575CEF4C458E}
	EndGlobalSection
EndGlobal
